
Microsoft Visual Studio Solution File, Format Version 12.00
# Visual Studio Version 17
VisualStudioVersion = 17.11.35327.3
MinimumVisualStudioVersion = 10.0.40219.1
Project("{FAE04EC0-301F-11D3-BF4B-00C04F79EFBC}") = "LaboratoryP2", "LaboratoryP2.csproj", "{C643DEEC-6129-44B0-89B9-D03009E35044}"
EndProject
Global
	GlobalSection(SolutionConfigurationPlatforms) = preSolution
		Debug|Any CPU = Debug|Any CPU
		Release|Any CPU = Release|Any CPU
	EndGlobalSection
	GlobalSection(ProjectConfigurationPlatforms) = postSolution
		{C643DEEC-6129-44B0-89B9-D03009E35044}.Debug|Any CPU.ActiveCfg = Debug|Any CPU
		{C643DEEC-6129-44B0-89B9-D03009E35044}.Debug|Any CPU.Build.0 = Debug|Any CPU
		{C643DEEC-6129-44B0-89B9-D03009E35044}.Release|Any CPU.ActiveCfg = Release|Any CPU
		{C643DEEC-6129-44B0-89B9-D03009E35044}.Release|Any CPU.Build.0 = Release|Any CPU
	EndGlobalSection
	GlobalSection(SolutionProperties) = preSolution
		HideSolutionNode = FALSE
	EndGlobalSection
	GlobalSection(ExtensibilityGlobals) = postSolution
		SolutionGuid = {149C8E11-F28A-418A-A544-3412171BE285}
	EndGlobalSection
EndGlobal
